
Microsoft Visual Studio Solution File, Format Version 12.00
# Visual Studio Version 17
VisualStudioVersion = 17.4.33205.214
MinimumVisualStudioVersion = 10.0.40219.1
Project("{FAE04EC0-301F-11D3-BF4B-00C04F79EFBC}") = "hanojskeveze", "hanojskeveze\hanojskeveze.csproj", "{99DFA1F6-A9C4-4F42-A7C7-78FFCA4BFB87}"
EndProject
Global
	GlobalSection(SolutionConfigurationPlatforms) = preSolution
		Debug|Any CPU = Debug|Any CPU
		Release|Any CPU = Release|Any CPU
	EndGlobalSection
	GlobalSection(ProjectConfigurationPlatforms) = postSolution
		{99DFA1F6-A9C4-4F42-A7C7-78FFCA4BFB87}.Debug|Any CPU.ActiveCfg = Debug|Any CPU
		{99DFA1F6-A9C4-4F42-A7C7-78FFCA4BFB87}.Debug|Any CPU.Build.0 = Debug|Any CPU
		{99DFA1F6-A9C4-4F42-A7C7-78FFCA4BFB87}.Release|Any CPU.ActiveCfg = Release|Any CPU
		{99DFA1F6-A9C4-4F42-A7C7-78FFCA4BFB87}.Release|Any CPU.Build.0 = Release|Any CPU
	EndGlobalSection
	GlobalSection(SolutionProperties) = preSolution
		HideSolutionNode = FALSE
	EndGlobalSection
	GlobalSection(ExtensibilityGlobals) = postSolution
		SolutionGuid = {B4CBB3F9-3DDD-47E5-8F31-CEF98CCCA9F3}
	EndGlobalSection
EndGlobal
